// !$*UTF8*$!
{
	archiveVersion = 1;
	classes = {
	};
	objectVersion = 50;
	objects = {

/* Begin PBXBuildFile section */
		42E84A0724C8278400F60050 /* AppDelegate.swift in Sources */ = {isa = PBXBuildFile; fileRef = 42E84A0624C8278400F60050 /* AppDelegate.swift */; };
		42E84A0D24C8278700F60050 /* Assets.xcassets in Resources */ = {isa = PBXBuildFile; fileRef = 42E84A0C24C8278700F60050 /* Assets.xcassets */; };
		42E84A1324C8278700F60050 /* LaunchScreen.storyboard in Resources */ = {isa = PBXBuildFile; fileRef = 42E84A1124C8278700F60050 /* LaunchScreen.storyboard */; };
		42E84A1E24C8278700F60050 /* Monash_coding_challengeTests.swift in Sources */ = {isa = PBXBuildFile; fileRef = 42E84A1D24C8278700F60050 /* Monash_coding_challengeTests.swift */; };
		42F2190524C8401600C84108 /* InfoViewController.swift in Sources */ = {isa = PBXBuildFile; fileRef = 42F2190424C8401600C84108 /* InfoViewController.swift */; };
		42F2190724C8402800C84108 /* InfoManager.swift in Sources */ = {isa = PBXBuildFile; fileRef = 42F2190624C8402800C84108 /* InfoManager.swift */; };
		42F2190B24C8450300C84108 /* IdentifiableProtocol.swift in Sources */ = {isa = PBXBuildFile; fileRef = 42F2190A24C8450300C84108 /* IdentifiableProtocol.swift */; };
		42F2190D24C8458600C84108 /* TableView+Extensions.swift in Sources */ = {isa = PBXBuildFile; fileRef = 42F2190C24C8458600C84108 /* TableView+Extensions.swift */; };
		42F2191124C8490700C84108 /* BaseTableViewCell.swift in Sources */ = {isa = PBXBuildFile; fileRef = 42F2191024C8490700C84108 /* BaseTableViewCell.swift */; };
		42F2191624C84B1900C84108 /* InfoView.swift in Sources */ = {isa = PBXBuildFile; fileRef = 42F2191524C84B1900C84108 /* InfoView.swift */; };
		42F2191824C854A400C84108 /* NavigationController+Extensions.swift in Sources */ = {isa = PBXBuildFile; fileRef = 42F2191724C854A400C84108 /* NavigationController+Extensions.swift */; };
		42F2191A24C8569200C84108 /* Color+Extensions.swift in Sources */ = {isa = PBXBuildFile; fileRef = 42F2191924C8569200C84108 /* Color+Extensions.swift */; };
		42F2191D24C85E3900C84108 /* TableViewSectionHeaderView.swift in Sources */ = {isa = PBXBuildFile; fileRef = 42F2191C24C85E3900C84108 /* TableViewSectionHeaderView.swift */; };
		42F2191F24C863E900C84108 /* UIView+Extensions.swift in Sources */ = {isa = PBXBuildFile; fileRef = 42F2191E24C863E900C84108 /* UIView+Extensions.swift */; };
		42F2192124C890F000C84108 /* TimeAndInfoTableViewCell.swift in Sources */ = {isa = PBXBuildFile; fileRef = 42F2192024C890F000C84108 /* TimeAndInfoTableViewCell.swift */; };
		42F2192324C9874900C84108 /* User.swift in Sources */ = {isa = PBXBuildFile; fileRef = 42F2192224C9874900C84108 /* User.swift */; };
		42F2192524C987C000C84108 /* ClassSchedule.swift in Sources */ = {isa = PBXBuildFile; fileRef = 42F2192424C987C000C84108 /* ClassSchedule.swift */; };
		42F2192724C987D800C84108 /* Carpark.swift in Sources */ = {isa = PBXBuildFile; fileRef = 42F2192624C987D800C84108 /* Carpark.swift */; };
		42F2192A24C9894600C84108 /* DataProvider.swift in Sources */ = {isa = PBXBuildFile; fileRef = 42F2192924C9894600C84108 /* DataProvider.swift */; };
		42F2192D24C9A23D00C84108 /* DataProcessingError.swift in Sources */ = {isa = PBXBuildFile; fileRef = 42F2192C24C9A23D00C84108 /* DataProcessingError.swift */; };
		42F2192F24C9B4C700C84108 /* TableSections.swift in Sources */ = {isa = PBXBuildFile; fileRef = 42F2192E24C9B4C700C84108 /* TableSections.swift */; };
		42F2193124C9BF2700C84108 /* TableViewSectionHeaderTitleView.swift in Sources */ = {isa = PBXBuildFile; fileRef = 42F2193024C9BF2700C84108 /* TableViewSectionHeaderTitleView.swift */; };
/* End PBXBuildFile section */

/* Begin PBXContainerItemProxy section */
		42E84A1A24C8278700F60050 /* PBXContainerItemProxy */ = {
			isa = PBXContainerItemProxy;
			containerPortal = 42E849FB24C8278400F60050 /* Project object */;
			proxyType = 1;
			remoteGlobalIDString = 42E84A0224C8278400F60050;
			remoteInfo = "Monash-coding-challenge";
		};
/* End PBXContainerItemProxy section */

/* Begin PBXFileReference section */
		42E84A0324C8278400F60050 /* Monash-coding-challenge.app */ = {isa = PBXFileReference; explicitFileType = wrapper.application; includeInIndex = 0; path = "Monash-coding-challenge.app"; sourceTree = BUILT_PRODUCTS_DIR; };
		42E84A0624C8278400F60050 /* AppDelegate.swift */ = {isa = PBXFileReference; lastKnownFileType = sourcecode.swift; path = AppDelegate.swift; sourceTree = "<group>"; };
		42E84A0C24C8278700F60050 /* Assets.xcassets */ = {isa = PBXFileReference; lastKnownFileType = folder.assetcatalog; path = Assets.xcassets; sourceTree = "<group>"; };
		42E84A1224C8278700F60050 /* Base */ = {isa = PBXFileReference; lastKnownFileType = file.storyboard; name = Base; path = Base.lproj/LaunchScreen.storyboard; sourceTree = "<group>"; };
		42E84A1424C8278700F60050 /* Info.plist */ = {isa = PBXFileReference; lastKnownFileType = text.plist.xml; path = Info.plist; sourceTree = "<group>"; };
		42E84A1924C8278700F60050 /* Monash-coding-challengeTests.xctest */ = {isa = PBXFileReference; explicitFileType = wrapper.cfbundle; includeInIndex = 0; path = "Monash-coding-challengeTests.xctest"; sourceTree = BUILT_PRODUCTS_DIR; };
		42E84A1D24C8278700F60050 /* Monash_coding_challengeTests.swift */ = {isa = PBXFileReference; lastKnownFileType = sourcecode.swift; path = Monash_coding_challengeTests.swift; sourceTree = "<group>"; };
		42E84A1F24C8278700F60050 /* Info.plist */ = {isa = PBXFileReference; lastKnownFileType = text.plist.xml; path = Info.plist; sourceTree = "<group>"; };
		42F2190424C8401600C84108 /* InfoViewController.swift */ = {isa = PBXFileReference; lastKnownFileType = sourcecode.swift; path = InfoViewController.swift; sourceTree = "<group>"; };
		42F2190624C8402800C84108 /* InfoManager.swift */ = {isa = PBXFileReference; lastKnownFileType = sourcecode.swift; path = InfoManager.swift; sourceTree = "<group>"; };
		42F2190A24C8450300C84108 /* IdentifiableProtocol.swift */ = {isa = PBXFileReference; lastKnownFileType = sourcecode.swift; path = IdentifiableProtocol.swift; sourceTree = "<group>"; };
		42F2190C24C8458600C84108 /* TableView+Extensions.swift */ = {isa = PBXFileReference; lastKnownFileType = sourcecode.swift; path = "TableView+Extensions.swift"; sourceTree = "<group>"; };
		42F2191024C8490700C84108 /* BaseTableViewCell.swift */ = {isa = PBXFileReference; lastKnownFileType = sourcecode.swift; path = BaseTableViewCell.swift; sourceTree = "<group>"; };
		42F2191524C84B1900C84108 /* InfoView.swift */ = {isa = PBXFileReference; lastKnownFileType = sourcecode.swift; path = InfoView.swift; sourceTree = "<group>"; };
		42F2191724C854A400C84108 /* NavigationController+Extensions.swift */ = {isa = PBXFileReference; lastKnownFileType = sourcecode.swift; path = "NavigationController+Extensions.swift"; sourceTree = "<group>"; };
		42F2191924C8569200C84108 /* Color+Extensions.swift */ = {isa = PBXFileReference; lastKnownFileType = sourcecode.swift; path = "Color+Extensions.swift"; sourceTree = "<group>"; };
		42F2191C24C85E3900C84108 /* TableViewSectionHeaderView.swift */ = {isa = PBXFileReference; lastKnownFileType = sourcecode.swift; path = TableViewSectionHeaderView.swift; sourceTree = "<group>"; };
		42F2191E24C863E900C84108 /* UIView+Extensions.swift */ = {isa = PBXFileReference; lastKnownFileType = sourcecode.swift; path = "UIView+Extensions.swift"; sourceTree = "<group>"; };
		42F2192024C890F000C84108 /* TimeAndInfoTableViewCell.swift */ = {isa = PBXFileReference; lastKnownFileType = sourcecode.swift; path = TimeAndInfoTableViewCell.swift; sourceTree = "<group>"; };
		42F2192224C9874900C84108 /* User.swift */ = {isa = PBXFileReference; lastKnownFileType = sourcecode.swift; path = User.swift; sourceTree = "<group>"; };
		42F2192424C987C000C84108 /* ClassSchedule.swift */ = {isa = PBXFileReference; lastKnownFileType = sourcecode.swift; path = ClassSchedule.swift; sourceTree = "<group>"; };
		42F2192624C987D800C84108 /* Carpark.swift */ = {isa = PBXFileReference; lastKnownFileType = sourcecode.swift; path = Carpark.swift; sourceTree = "<group>"; };
		42F2192924C9894600C84108 /* DataProvider.swift */ = {isa = PBXFileReference; lastKnownFileType = sourcecode.swift; path = DataProvider.swift; sourceTree = "<group>"; };
		42F2192C24C9A23D00C84108 /* DataProcessingError.swift */ = {isa = PBXFileReference; lastKnownFileType = sourcecode.swift; path = DataProcessingError.swift; sourceTree = "<group>"; };
		42F2192E24C9B4C700C84108 /* TableSections.swift */ = {isa = PBXFileReference; lastKnownFileType = sourcecode.swift; path = TableSections.swift; sourceTree = "<group>"; };
		42F2193024C9BF2700C84108 /* TableViewSectionHeaderTitleView.swift */ = {isa = PBXFileReference; lastKnownFileType = sourcecode.swift; path = TableViewSectionHeaderTitleView.swift; sourceTree = "<group>"; };
/* End PBXFileReference section */

/* Begin PBXFrameworksBuildPhase section */
		42E84A0024C8278400F60050 /* Frameworks */ = {
			isa = PBXFrameworksBuildPhase;
			buildActionMask = 2147483647;
			files = (
			);
			runOnlyForDeploymentPostprocessing = 0;
		};
		42E84A1624C8278700F60050 /* Frameworks */ = {
			isa = PBXFrameworksBuildPhase;
			buildActionMask = 2147483647;
			files = (
			);
			runOnlyForDeploymentPostprocessing = 0;
		};
/* End PBXFrameworksBuildPhase section */

/* Begin PBXGroup section */
		42E849FA24C8278400F60050 = {
			isa = PBXGroup;
			children = (
				42E84A0524C8278400F60050 /* Monash-coding-challenge */,
				42E84A1C24C8278700F60050 /* Monash-coding-challengeTests */,
				42E84A0424C8278400F60050 /* Products */,
			);
			sourceTree = "<group>";
		};
		42E84A0424C8278400F60050 /* Products */ = {
			isa = PBXGroup;
			children = (
				42E84A0324C8278400F60050 /* Monash-coding-challenge.app */,
				42E84A1924C8278700F60050 /* Monash-coding-challengeTests.xctest */,
			);
			name = Products;
			sourceTree = "<group>";
		};
		42E84A0524C8278400F60050 /* Monash-coding-challenge */ = {
			isa = PBXGroup;
			children = (
				42F2192B24C9A21900C84108 /* Errors */,
				42F2192824C9893000C84108 /* DataProvider */,
				42F2190E24C848DE00C84108 /* Views */,
				42F2190924C844F100C84108 /* Protocols */,
				42F2190824C843CE00C84108 /* Extensions */,
				42F2190324C83FFA00C84108 /* Models */,
				42F2190224C83FF100C84108 /* Controllers */,
				42E84A0624C8278400F60050 /* AppDelegate.swift */,
				42E84A0C24C8278700F60050 /* Assets.xcassets */,
				42E84A1124C8278700F60050 /* LaunchScreen.storyboard */,
				42E84A1424C8278700F60050 /* Info.plist */,
			);
			path = "Monash-coding-challenge";
			sourceTree = "<group>";
		};
		42E84A1C24C8278700F60050 /* Monash-coding-challengeTests */ = {
			isa = PBXGroup;
			children = (
				42E84A1D24C8278700F60050 /* Monash_coding_challengeTests.swift */,
				42E84A1F24C8278700F60050 /* Info.plist */,
			);
			path = "Monash-coding-challengeTests";
			sourceTree = "<group>";
		};
		42F2190224C83FF100C84108 /* Controllers */ = {
			isa = PBXGroup;
			children = (
				42F2190424C8401600C84108 /* InfoViewController.swift */,
				42F2190624C8402800C84108 /* InfoManager.swift */,
			);
			path = Controllers;
			sourceTree = "<group>";
		};
		42F2190324C83FFA00C84108 /* Models */ = {
			isa = PBXGroup;
			children = (
				42F2192224C9874900C84108 /* User.swift */,
				42F2192424C987C000C84108 /* ClassSchedule.swift */,
				42F2192624C987D800C84108 /* Carpark.swift */,
				42F2192E24C9B4C700C84108 /* TableSections.swift */,
			);
			path = Models;
			sourceTree = "<group>";
		};
		42F2190824C843CE00C84108 /* Extensions */ = {
			isa = PBXGroup;
			children = (
				42F2190C24C8458600C84108 /* TableView+Extensions.swift */,
				42F2191724C854A400C84108 /* NavigationController+Extensions.swift */,
				42F2191924C8569200C84108 /* Color+Extensions.swift */,
				42F2191E24C863E900C84108 /* UIView+Extensions.swift */,
			);
			path = Extensions;
			sourceTree = "<group>";
		};
		42F2190924C844F100C84108 /* Protocols */ = {
			isa = PBXGroup;
			children = (
				42F2190A24C8450300C84108 /* IdentifiableProtocol.swift */,
			);
			path = Protocols;
			sourceTree = "<group>";
		};
		42F2190E24C848DE00C84108 /* Views */ = {
			isa = PBXGroup;
			children = (
				42F2191B24C85E0900C84108 /* TableViewSectionHeader */,
				42F2191224C84A5300C84108 /* InfoView */,
				42F2190F24C848E500C84108 /* TableViewCells */,
			);
			path = Views;
			sourceTree = "<group>";
		};
		42F2190F24C848E500C84108 /* TableViewCells */ = {
			isa = PBXGroup;
			children = (
				42F2191024C8490700C84108 /* BaseTableViewCell.swift */,
				42F2192024C890F000C84108 /* TimeAndInfoTableViewCell.swift */,
			);
			path = TableViewCells;
			sourceTree = "<group>";
		};
		42F2191224C84A5300C84108 /* InfoView */ = {
			isa = PBXGroup;
			children = (
				42F2191524C84B1900C84108 /* InfoView.swift */,
			);
			path = InfoView;
			sourceTree = "<group>";
		};
		42F2191B24C85E0900C84108 /* TableViewSectionHeader */ = {
			isa = PBXGroup;
			children = (
				42F2191C24C85E3900C84108 /* TableViewSectionHeaderView.swift */,
				42F2193024C9BF2700C84108 /* TableViewSectionHeaderTitleView.swift */,
			);
			path = TableViewSectionHeader;
			sourceTree = "<group>";
		};
		42F2192824C9893000C84108 /* DataProvider */ = {
			isa = PBXGroup;
			children = (
				42F2192924C9894600C84108 /* DataProvider.swift */,
			);
			path = DataProvider;
			sourceTree = "<group>";
		};
		42F2192B24C9A21900C84108 /* Errors */ = {
			isa = PBXGroup;
			children = (
				42F2192C24C9A23D00C84108 /* DataProcessingError.swift */,
			);
			path = Errors;
			sourceTree = "<group>";
		};
/* End PBXGroup section */

/* Begin PBXNativeTarget section */
		42E84A0224C8278400F60050 /* Monash-coding-challenge */ = {
			isa = PBXNativeTarget;
			buildConfigurationList = 42E84A2224C8278700F60050 /* Build configuration list for PBXNativeTarget "Monash-coding-challenge" */;
			buildPhases = (
				42E849FF24C8278400F60050 /* Sources */,
				42E84A0024C8278400F60050 /* Frameworks */,
				42E84A0124C8278400F60050 /* Resources */,
			);
			buildRules = (
			);
			dependencies = (
			);
			name = "Monash-coding-challenge";
			productName = "Monash-coding-challenge";
			productReference = 42E84A0324C8278400F60050 /* Monash-coding-challenge.app */;
			productType = "com.apple.product-type.application";
		};
		42E84A1824C8278700F60050 /* Monash-coding-challengeTests */ = {
			isa = PBXNativeTarget;
			buildConfigurationList = 42E84A2524C8278700F60050 /* Build configuration list for PBXNativeTarget "Monash-coding-challengeTests" */;
			buildPhases = (
				42E84A1524C8278700F60050 /* Sources */,
				42E84A1624C8278700F60050 /* Frameworks */,
				42E84A1724C8278700F60050 /* Resources */,
			);
			buildRules = (
			);
			dependencies = (
				42E84A1B24C8278700F60050 /* PBXTargetDependency */,
			);
			name = "Monash-coding-challengeTests";
			productName = "Monash-coding-challengeTests";
			productReference = 42E84A1924C8278700F60050 /* Monash-coding-challengeTests.xctest */;
			productType = "com.apple.product-type.bundle.unit-test";
		};
/* End PBXNativeTarget section */

/* Begin PBXProject section */
		42E849FB24C8278400F60050 /* Project object */ = {
			isa = PBXProject;
			attributes = {
				LastSwiftUpdateCheck = 1160;
				LastUpgradeCheck = 1160;
				ORGANIZATIONNAME = Joshua;
				TargetAttributes = {
					42E84A0224C8278400F60050 = {
						CreatedOnToolsVersion = 11.6;
					};
					42E84A1824C8278700F60050 = {
						CreatedOnToolsVersion = 11.6;
						TestTargetID = 42E84A0224C8278400F60050;
					};
				};
			};
			buildConfigurationList = 42E849FE24C8278400F60050 /* Build configuration list for PBXProject "Monash-coding-challenge" */;
			compatibilityVersion = "Xcode 9.3";
			developmentRegion = en;
			hasScannedForEncodings = 0;
			knownRegions = (
				en,
				Base,
			);
			mainGroup = 42E849FA24C8278400F60050;
			productRefGroup = 42E84A0424C8278400F60050 /* Products */;
			projectDirPath = "";
			projectRoot = "";
			targets = (
				42E84A0224C8278400F60050 /* Monash-coding-challenge */,
				42E84A1824C8278700F60050 /* Monash-coding-challengeTests */,
			);
		};
/* End PBXProject section */

/* Begin PBXResourcesBuildPhase section */
		42E84A0124C8278400F60050 /* Resources */ = {
			isa = PBXResourcesBuildPhase;
			buildActionMask = 2147483647;
			files = (
				42E84A1324C8278700F60050 /* LaunchScreen.storyboard in Resources */,
				42E84A0D24C8278700F60050 /* Assets.xcassets in Resources */,
			);
			runOnlyForDeploymentPostprocessing = 0;
		};
		42E84A1724C8278700F60050 /* Resources */ = {
			isa = PBXResourcesBuildPhase;
			buildActionMask = 2147483647;
			files = (
			);
			runOnlyForDeploymentPostprocessing = 0;
		};
/* End PBXResourcesBuildPhase section */

/* Begin PBXSourcesBuildPhase section */
		42E849FF24C8278400F60050 /* Sources */ = {
			isa = PBXSourcesBuildPhase;
			buildActionMask = 2147483647;
			files = (
				42F2192324C9874900C84108 /* User.swift in Sources */,
				42F2190524C8401600C84108 /* InfoViewController.swift in Sources */,
				42F2192A24C9894600C84108 /* DataProvider.swift in Sources */,
				42F2191624C84B1900C84108 /* InfoView.swift in Sources */,
				42F2192F24C9B4C700C84108 /* TableSections.swift in Sources */,
				42F2191A24C8569200C84108 /* Color+Extensions.swift in Sources */,
				42E84A0724C8278400F60050 /* AppDelegate.swift in Sources */,
				42F2190D24C8458600C84108 /* TableView+Extensions.swift in Sources */,
				42F2190724C8402800C84108 /* InfoManager.swift in Sources */,
				42F2192724C987D800C84108 /* Carpark.swift in Sources */,
				42F2191D24C85E3900C84108 /* TableViewSectionHeaderView.swift in Sources */,
				42F2191124C8490700C84108 /* BaseTableViewCell.swift in Sources */,
				42F2193124C9BF2700C84108 /* TableViewSectionHeaderTitleView.swift in Sources */,
				42F2190B24C8450300C84108 /* IdentifiableProtocol.swift in Sources */,
				42F2192D24C9A23D00C84108 /* DataProcessingError.swift in Sources */,
				42F2191824C854A400C84108 /* NavigationController+Extensions.swift in Sources */,
				42F2192124C890F000C84108 /* TimeAndInfoTableViewCell.swift in Sources */,
				42F2192524C987C000C84108 /* ClassSchedule.swift in Sources */,
				42F2191F24C863E900C84108 /* UIView+Extensions.swift in Sources */,
			);
			runOnlyForDeploymentPostprocessing = 0;
		};
		42E84A1524C8278700F60050 /* Sources */ = {
			isa = PBXSourcesBuildPhase;
			buildActionMask = 2147483647;
			files = (
				42E84A1E24C8278700F60050 /* Monash_coding_challengeTests.swift in Sources */,
			);
			runOnlyForDeploymentPostprocessing = 0;
		};
/* End PBXSourcesBuildPhase section */

/* Begin PBXTargetDependency section */
		42E84A1B24C8278700F60050 /* PBXTargetDependency */ = {
			isa = PBXTargetDependency;
			target = 42E84A0224C8278400F60050 /* Monash-coding-challenge */;
			targetProxy = 42E84A1A24C8278700F60050 /* PBXContainerItemProxy */;
		};
/* End PBXTargetDependency section */

/* Begin PBXVariantGroup section */
		42E84A1124C8278700F60050 /* LaunchScreen.storyboard */ = {
			isa = PBXVariantGroup;
			children = (
				42E84A1224C8278700F60050 /* Base */,
			);
			name = LaunchScreen.storyboard;
			sourceTree = "<group>";
		};
/* End PBXVariantGroup section */

/* Begin XCBuildConfiguration section */
		42E84A2024C8278700F60050 /* Debug */ = {
			isa = XCBuildConfiguration;
			buildSettings = {
				ALWAYS_SEARCH_USER_PATHS = NO;
				CLANG_ANALYZER_NONNULL = YES;
				CLANG_ANALYZER_NUMBER_OBJECT_CONVERSION = YES_AGGRESSIVE;
				CLANG_CXX_LANGUAGE_STANDARD = "gnu++14";
				CLANG_CXX_LIBRARY = "libc++";
				CLANG_ENABLE_MODULES = YES;
				CLANG_ENABLE_OBJC_ARC = YES;
				CLANG_ENABLE_OBJC_WEAK = YES;
				CLANG_WARN_BLOCK_CAPTURE_AUTORELEASING = YES;
				CLANG_WARN_BOOL_CONVERSION = YES;
				CLANG_WARN_COMMA = YES;
				CLANG_WARN_CONSTANT_CONVERSION = YES;
				CLANG_WARN_DEPRECATED_OBJC_IMPLEMENTATIONS = YES;
				CLANG_WARN_DIRECT_OBJC_ISA_USAGE = YES_ERROR;
				CLANG_WARN_DOCUMENTATION_COMMENTS = YES;
				CLANG_WARN_EMPTY_BODY = YES;
				CLANG_WARN_ENUM_CONVERSION = YES;
				CLANG_WARN_INFINITE_RECURSION = YES;
				CLANG_WARN_INT_CONVERSION = YES;
				CLANG_WARN_NON_LITERAL_NULL_CONVERSION = YES;
				CLANG_WARN_OBJC_IMPLICIT_RETAIN_SELF = YES;
				CLANG_WARN_OBJC_LITERAL_CONVERSION = YES;
				CLANG_WARN_OBJC_ROOT_CLASS = YES_ERROR;
				CLANG_WARN_RANGE_LOOP_ANALYSIS = YES;
				CLANG_WARN_STRICT_PROTOTYPES = YES;
				CLANG_WARN_SUSPICIOUS_MOVE = YES;
				CLANG_WARN_UNGUARDED_AVAILABILITY = YES_AGGRESSIVE;
				CLANG_WARN_UNREACHABLE_CODE = YES;
				CLANG_WARN__DUPLICATE_METHOD_MATCH = YES;
				COPY_PHASE_STRIP = NO;
				DEBUG_INFORMATION_FORMAT = dwarf;
				ENABLE_STRICT_OBJC_MSGSEND = YES;
				ENABLE_TESTABILITY = YES;
				GCC_C_LANGUAGE_STANDARD = gnu11;
				GCC_DYNAMIC_NO_PIC = NO;
				GCC_NO_COMMON_BLOCKS = YES;
				GCC_OPTIMIZATION_LEVEL = 0;
				GCC_PREPROCESSOR_DEFINITIONS = (
					"DEBUG=1",
					"$(inherited)",
				);
				GCC_WARN_64_TO_32_BIT_CONVERSION = YES;
				GCC_WARN_ABOUT_RETURN_TYPE = YES_ERROR;
				GCC_WARN_UNDECLARED_SELECTOR = YES;
				GCC_WARN_UNINITIALIZED_AUTOS = YES_AGGRESSIVE;
				GCC_WARN_UNUSED_FUNCTION = YES;
				GCC_WARN_UNUSED_VARIABLE = YES;
				IPHONEOS_DEPLOYMENT_TARGET = 13.6;
				MTL_ENABLE_DEBUG_INFO = INCLUDE_SOURCE;
				MTL_FAST_MATH = YES;
				ONLY_ACTIVE_ARCH = YES;
				SDKROOT = iphoneos;
				SWIFT_ACTIVE_COMPILATION_CONDITIONS = DEBUG;
				SWIFT_OPTIMIZATION_LEVEL = "-Onone";
			};
			name = Debug;
		};
		42E84A2124C8278700F60050 /* Release */ = {
			isa = XCBuildConfiguration;
			buildSettings = {
				ALWAYS_SEARCH_USER_PATHS = NO;
				CLANG_ANALYZER_NONNULL = YES;
				CLANG_ANALYZER_NUMBER_OBJECT_CONVERSION = YES_AGGRESSIVE;
				CLANG_CXX_LANGUAGE_STANDARD = "gnu++14";
				CLANG_CXX_LIBRARY = "libc++";
				CLANG_ENABLE_MODULES = YES;
				CLANG_ENABLE_OBJC_ARC = YES;
				CLANG_ENABLE_OBJC_WEAK = YES;
				CLANG_WARN_BLOCK_CAPTURE_AUTORELEASING = YES;
				CLANG_WARN_BOOL_CONVERSION = YES;
				CLANG_WARN_COMMA = YES;
				CLANG_WARN_CONSTANT_CONVERSION = YES;
				CLANG_WARN_DEPRECATED_OBJC_IMPLEMENTATIONS = YES;
				CLANG_WARN_DIRECT_OBJC_ISA_USAGE = YES_ERROR;
				CLANG_WARN_DOCUMENTATION_COMMENTS = YES;
				CLANG_WARN_EMPTY_BODY = YES;
				CLANG_WARN_ENUM_CONVERSION = YES;
				CLANG_WARN_INFINITE_RECURSION = YES;
				CLANG_WARN_INT_CONVERSION = YES;
				CLANG_WARN_NON_LITERAL_NULL_CONVERSION = YES;
				CLANG_WARN_OBJC_IMPLICIT_RETAIN_SELF = YES;
				CLANG_WARN_OBJC_LITERAL_CONVERSION = YES;
				CLANG_WARN_OBJC_ROOT_CLASS = YES_ERROR;
				CLANG_WARN_RANGE_LOOP_ANALYSIS = YES;
				CLANG_WARN_STRICT_PROTOTYPES = YES;
				CLANG_WARN_SUSPICIOUS_MOVE = YES;
				CLANG_WARN_UNGUARDED_AVAILABILITY = YES_AGGRESSIVE;
				CLANG_WARN_UNREACHABLE_CODE = YES;
				CLANG_WARN__DUPLICATE_METHOD_MATCH = YES;
				COPY_PHASE_STRIP = NO;
				DEBUG_INFORMATION_FORMAT = "dwarf-with-dsym";
				ENABLE_NS_ASSERTIONS = NO;
				ENABLE_STRICT_OBJC_MSGSEND = YES;
				GCC_C_LANGUAGE_STANDARD = gnu11;
				GCC_NO_COMMON_BLOCKS = YES;
				GCC_WARN_64_TO_32_BIT_CONVERSION = YES;
				GCC_WARN_ABOUT_RETURN_TYPE = YES_ERROR;
				GCC_WARN_UNDECLARED_SELECTOR = YES;
				GCC_WARN_UNINITIALIZED_AUTOS = YES_AGGRESSIVE;
				GCC_WARN_UNUSED_FUNCTION = YES;
				GCC_WARN_UNUSED_VARIABLE = YES;
				IPHONEOS_DEPLOYMENT_TARGET = 13.6;
				MTL_ENABLE_DEBUG_INFO = NO;
				MTL_FAST_MATH = YES;
				SDKROOT = iphoneos;
				SWIFT_COMPILATION_MODE = wholemodule;
				SWIFT_OPTIMIZATION_LEVEL = "-O";
				VALIDATE_PRODUCT = YES;
			};
			name = Release;
		};
		42E84A2324C8278700F60050 /* Debug */ = {
			isa = XCBuildConfiguration;
			buildSettings = {
				ASSETCATALOG_COMPILER_APPICON_NAME = AppIcon;
				CODE_SIGN_STYLE = Automatic;
				DEVELOPMENT_ASSET_PATHS = "";
				DEVELOPMENT_TEAM = L9R572YACD;
				ENABLE_PREVIEWS = YES;
				INFOPLIST_FILE = "Monash-coding-challenge/Info.plist";
				LD_RUNPATH_SEARCH_PATHS = (
					"$(inherited)",
					"@executable_path/Frameworks",
				);
				PRODUCT_BUNDLE_IDENTIFIER = "com.coffeeforthewicked.Monash-coding-challenge";
				PRODUCT_NAME = "$(TARGET_NAME)";
				SWIFT_VERSION = 5.0;
				TARGETED_DEVICE_FAMILY = "1,2";
			};
			name = Debug;
		};
		42E84A2424C8278700F60050 /* Release */ = {
			isa = XCBuildConfiguration;
			buildSettings = {
				ASSETCATALOG_COMPILER_APPICON_NAME = AppIcon;
				CODE_SIGN_STYLE = Automatic;
				DEVELOPMENT_ASSET_PATHS = "";
				DEVELOPMENT_TEAM = L9R572YACD;
				ENABLE_PREVIEWS = YES;
				INFOPLIST_FILE = "Monash-coding-challenge/Info.plist";
				LD_RUNPATH_SEARCH_PATHS = (
					"$(inherited)",
					"@executable_path/Frameworks",
				);
				PRODUCT_BUNDLE_IDENTIFIER = "com.coffeeforthewicked.Monash-coding-challenge";
				PRODUCT_NAME = "$(TARGET_NAME)";
				SWIFT_VERSION = 5.0;
				TARGETED_DEVICE_FAMILY = "1,2";
			};
			name = Release;
		};
		42E84A2624C8278700F60050 /* Debug */ = {
			isa = XCBuildConfiguration;
			buildSettings = {
				ALWAYS_EMBED_SWIFT_STANDARD_LIBRARIES = YES;
				BUNDLE_LOADER = "$(TEST_HOST)";
				CODE_SIGN_STYLE = Automatic;
				DEVELOPMENT_TEAM = L9R572YACD;
				INFOPLIST_FILE = "Monash-coding-challengeTests/Info.plist";
				IPHONEOS_DEPLOYMENT_TARGET = 13.6;
				LD_RUNPATH_SEARCH_PATHS = (
					"$(inherited)",
					"@executable_path/Frameworks",
					"@loader_path/Frameworks",
				);
				PRODUCT_BUNDLE_IDENTIFIER = "com.coffeeforthewicked.Monash-coding-challengeTests";
				PRODUCT_NAME = "$(TARGET_NAME)";
				SWIFT_VERSION = 5.0;
				TARGETED_DEVICE_FAMILY = "1,2";
				TEST_HOST = "$(BUILT_PRODUCTS_DIR)/Monash-coding-challenge.app/Monash-coding-challenge";
			};
			name = Debug;
		};
		42E84A2724C8278700F60050 /* Release */ = {
			isa = XCBuildConfiguration;
			buildSettings = {
				ALWAYS_EMBED_SWIFT_STANDARD_LIBRARIES = YES;
				BUNDLE_LOADER = "$(TEST_HOST)";
				CODE_SIGN_STYLE = Automatic;
				DEVELOPMENT_TEAM = L9R572YACD;
				INFOPLIST_FILE = "Monash-coding-challengeTests/Info.plist";
				IPHONEOS_DEPLOYMENT_TARGET = 13.6;
				LD_RUNPATH_SEARCH_PATHS = (
					"$(inherited)",
					"@executable_path/Frameworks",
					"@loader_path/Frameworks",
				);
				PRODUCT_BUNDLE_IDENTIFIER = "com.coffeeforthewicked.Monash-coding-challengeTests";
				PRODUCT_NAME = "$(TARGET_NAME)";
				SWIFT_VERSION = 5.0;
				TARGETED_DEVICE_FAMILY = "1,2";
				TEST_HOST = "$(BUILT_PRODUCTS_DIR)/Monash-coding-challenge.app/Monash-coding-challenge";
			};
			name = Release;
		};
/* End XCBuildConfiguration section */

/* Begin XCConfigurationList section */
		42E849FE24C8278400F60050 /* Build configuration list for PBXProject "Monash-coding-challenge" */ = {
			isa = XCConfigurationList;
			buildConfigurations = (
				42E84A2024C8278700F60050 /* Debug */,
				42E84A2124C8278700F60050 /* Release */,
			);
			defaultConfigurationIsVisible = 0;
			defaultConfigurationName = Release;
		};
		42E84A2224C8278700F60050 /* Build configuration list for PBXNativeTarget "Monash-coding-challenge" */ = {
			isa = XCConfigurationList;
			buildConfigurations = (
				42E84A2324C8278700F60050 /* Debug */,
				42E84A2424C8278700F60050 /* Release */,
			);
			defaultConfigurationIsVisible = 0;
			defaultConfigurationName = Release;
		};
		42E84A2524C8278700F60050 /* Build configuration list for PBXNativeTarget "Monash-coding-challengeTests" */ = {
			isa = XCConfigurationList;
			buildConfigurations = (
				42E84A2624C8278700F60050 /* Debug */,
				42E84A2724C8278700F60050 /* Release */,
			);
			defaultConfigurationIsVisible = 0;
			defaultConfigurationName = Release;
		};
/* End XCConfigurationList section */
	};
	rootObject = 42E849FB24C8278400F60050 /* Project object */;
}
